// !$*UTF8*$!
{
	archiveVersion = 1;
	classes = {
	};
	objectVersion = 50;
	objects = {

/* Begin PBXBuildFile section */
		08CB604CAC1A756CBAA6F060 /* Pods_TryTexture.framework in Frameworks */ = {isa = PBXBuildFile; fileRef = 43A468DBDF8A6D5608ADD28A /* Pods_TryTexture.framework */; };
		D085507C21CCFEF6005E4728 /* FeedCellNode.swift in Sources */ = {isa = PBXBuildFile; fileRef = D085507B21CCFEF6005E4728 /* FeedCellNode.swift */; };
		D0B4F49D21CCD312006D871D /* AppDelegate.swift in Sources */ = {isa = PBXBuildFile; fileRef = D0B4F49C21CCD312006D871D /* AppDelegate.swift */; };
		D0B4F49F21CCD312006D871D /* FeedTableVC.swift in Sources */ = {isa = PBXBuildFile; fileRef = D0B4F49E21CCD312006D871D /* FeedTableVC.swift */; };
		D0B4F4A421CCD313006D871D /* Assets.xcassets in Resources */ = {isa = PBXBuildFile; fileRef = D0B4F4A321CCD313006D871D /* Assets.xcassets */; };
		D0B4F4A721CCD313006D871D /* LaunchScreen.storyboard in Resources */ = {isa = PBXBuildFile; fileRef = D0B4F4A521CCD313006D871D /* LaunchScreen.storyboard */; };
		D0CDDC6821CE0D0C007FAEF2 /* FeedRandomGenerator.swift in Sources */ = {isa = PBXBuildFile; fileRef = D0CDDC6721CE0D0C007FAEF2 /* FeedRandomGenerator.swift */; };
/* End PBXBuildFile section */

/* Begin PBXFileReference section */
		321AE4CC9950F2CB89342783 /* Pods-TryTexture.debug.xcconfig */ = {isa = PBXFileReference; includeInIndex = 1; lastKnownFileType = text.xcconfig; name = "Pods-TryTexture.debug.xcconfig"; path = "Pods/Target Support Files/Pods-TryTexture/Pods-TryTexture.debug.xcconfig"; sourceTree = "<group>"; };
		43A468DBDF8A6D5608ADD28A /* Pods_TryTexture.framework */ = {isa = PBXFileReference; explicitFileType = wrapper.framework; includeInIndex = 0; path = Pods_TryTexture.framework; sourceTree = BUILT_PRODUCTS_DIR; };
		D085507B21CCFEF6005E4728 /* FeedCellNode.swift */ = {isa = PBXFileReference; lastKnownFileType = sourcecode.swift; path = FeedCellNode.swift; sourceTree = "<group>"; };
		D0B4F49921CCD312006D871D /* TryTexture.app */ = {isa = PBXFileReference; explicitFileType = wrapper.application; includeInIndex = 0; path = TryTexture.app; sourceTree = BUILT_PRODUCTS_DIR; };
		D0B4F49C21CCD312006D871D /* AppDelegate.swift */ = {isa = PBXFileReference; lastKnownFileType = sourcecode.swift; path = AppDelegate.swift; sourceTree = "<group>"; };
		D0B4F49E21CCD312006D871D /* FeedTableVC.swift */ = {isa = PBXFileReference; lastKnownFileType = sourcecode.swift; path = FeedTableVC.swift; sourceTree = "<group>"; };
		D0B4F4A321CCD313006D871D /* Assets.xcassets */ = {isa = PBXFileReference; lastKnownFileType = folder.assetcatalog; path = Assets.xcassets; sourceTree = "<group>"; };
		D0B4F4A621CCD313006D871D /* Base */ = {isa = PBXFileReference; lastKnownFileType = file.storyboard; name = Base; path = Base.lproj/LaunchScreen.storyboard; sourceTree = "<group>"; };
		D0B4F4A821CCD313006D871D /* Info.plist */ = {isa = PBXFileReference; lastKnownFileType = text.plist.xml; path = Info.plist; sourceTree = "<group>"; };
		D0CDDC6721CE0D0C007FAEF2 /* FeedRandomGenerator.swift */ = {isa = PBXFileReference; lastKnownFileType = sourcecode.swift; path = FeedRandomGenerator.swift; sourceTree = "<group>"; };
		E69FEC2B93466ECB34F1ACF8 /* Pods-TryTexture.release.xcconfig */ = {isa = PBXFileReference; includeInIndex = 1; lastKnownFileType = text.xcconfig; name = "Pods-TryTexture.release.xcconfig"; path = "Pods/Target Support Files/Pods-TryTexture/Pods-TryTexture.release.xcconfig"; sourceTree = "<group>"; };
/* End PBXFileReference section */

/* Begin PBXFrameworksBuildPhase section */
		D0B4F49621CCD312006D871D /* Frameworks */ = {
			isa = PBXFrameworksBuildPhase;
			buildActionMask = 2147483647;
			files = (
				08CB604CAC1A756CBAA6F060 /* Pods_TryTexture.framework in Frameworks */,
			);
			runOnlyForDeploymentPostprocessing = 0;
		};
/* End PBXFrameworksBuildPhase section */

/* Begin PBXGroup section */
		117B32AB786CF3E675C43785 /* Frameworks */ = {
			isa = PBXGroup;
			children = (
				43A468DBDF8A6D5608ADD28A /* Pods_TryTexture.framework */,
			);
			name = Frameworks;
			sourceTree = "<group>";
		};
		7BCF6DEA4DDDD555A41E0D53 /* Pods */ = {
			isa = PBXGroup;
			children = (
				321AE4CC9950F2CB89342783 /* Pods-TryTexture.debug.xcconfig */,
				E69FEC2B93466ECB34F1ACF8 /* Pods-TryTexture.release.xcconfig */,
			);
			name = Pods;
			sourceTree = "<group>";
		};
		D0B4F49021CCD312006D871D = {
			isa = PBXGroup;
			children = (
				D0B4F49B21CCD312006D871D /* TryTexture */,
				D0B4F49A21CCD312006D871D /* Products */,
				7BCF6DEA4DDDD555A41E0D53 /* Pods */,
				117B32AB786CF3E675C43785 /* Frameworks */,
			);
			sourceTree = "<group>";
		};
		D0B4F49A21CCD312006D871D /* Products */ = {
			isa = PBXGroup;
			children = (
				D0B4F49921CCD312006D871D /* TryTexture.app */,
			);
			name = Products;
			sourceTree = "<group>";
		};
		D0B4F49B21CCD312006D871D /* TryTexture */ = {
			isa = PBXGroup;
			children = (
				D0B4F4A821CCD313006D871D /* Info.plist */,
				D0B4F49C21CCD312006D871D /* AppDelegate.swift */,
				D085507B21CCFEF6005E4728 /* FeedCellNode.swift */,
				D0B4F49E21CCD312006D871D /* FeedTableVC.swift */,
				D0B4F4A321CCD313006D871D /* Assets.xcassets */,
				D0B4F4A521CCD313006D871D /* LaunchScreen.storyboard */,
				D0CDDC6721CE0D0C007FAEF2 /* FeedRandomGenerator.swift */,
			);
			path = TryTexture;
			sourceTree = "<group>";
		};
/* End PBXGroup section */

/* Begin PBXNativeTarget section */
		D0B4F49821CCD312006D871D /* TryTexture */ = {
			isa = PBXNativeTarget;
			buildConfigurationList = D0B4F4AB21CCD313006D871D /* Build configuration list for PBXNativeTarget "TryTexture" */;
			buildPhases = (
				D76E2A4D12FC260418EB44FB /* [CP] Check Pods Manifest.lock */,
				D0B4F49521CCD312006D871D /* Sources */,
				D0B4F49621CCD312006D871D /* Frameworks */,
				D0B4F49721CCD312006D871D /* Resources */,
				CE08991F1C8061B14BFA67B4 /* [CP] Embed Pods Frameworks */,
			);
			buildRules = (
			);
			dependencies = (
			);
			name = TryTexture;
			productName = TryTexture;
			productReference = D0B4F49921CCD312006D871D /* TryTexture.app */;
			productType = "com.apple.product-type.application";
		};
/* End PBXNativeTarget section */

/* Begin PBXProject section */
		D0B4F49121CCD312006D871D /* Project object */ = {
			isa = PBXProject;
			attributes = {
				LastSwiftUpdateCheck = 1010;
				LastUpgradeCheck = 1010;
				ORGANIZATIONNAME = "Thanapat Sorralump";
				TargetAttributes = {
					D0B4F49821CCD312006D871D = {
						CreatedOnToolsVersion = 10.1;
					};
				};
			};
			buildConfigurationList = D0B4F49421CCD312006D871D /* Build configuration list for PBXProject "TryTexture" */;
			compatibilityVersion = "Xcode 9.3";
			developmentRegion = en;
			hasScannedForEncodings = 0;
			knownRegions = (
				en,
				Base,
			);
			mainGroup = D0B4F49021CCD312006D871D;
			productRefGroup = D0B4F49A21CCD312006D871D /* Products */;
			projectDirPath = "";
			projectRoot = "";
			targets = (
				D0B4F49821CCD312006D871D /* TryTexture */,
			);
		};
/* End PBXProject section */

/* Begin PBXResourcesBuildPhase section */
		D0B4F49721CCD312006D871D /* Resources */ = {
			isa = PBXResourcesBuildPhase;
			buildActionMask = 2147483647;
			files = (
				D0B4F4A721CCD313006D871D /* LaunchScreen.storyboard in Resources */,
				D0B4F4A421CCD313006D871D /* Assets.xcassets in Resources */,
			);
			runOnlyForDeploymentPostprocessing = 0;
		};
/* End PBXResourcesBuildPhase section */

/* Begin PBXShellScriptBuildPhase section */
		CE08991F1C8061B14BFA67B4 /* [CP] Embed Pods Frameworks */ = {
			isa = PBXShellScriptBuildPhase;
			buildActionMask = 2147483647;
			files = (
			);
			inputFileListPaths = (
			);
			inputPaths = (
				"${SRCROOT}/Pods/Target Support Files/Pods-TryTexture/Pods-TryTexture-frameworks.sh",
				"${BUILT_PRODUCTS_DIR}/Fakery/Fakery.framework",
				"${BUILT_PRODUCTS_DIR}/PINCache/PINCache.framework",
				"${BUILT_PRODUCTS_DIR}/PINOperation/PINOperation.framework",
				"${BUILT_PRODUCTS_DIR}/PINRemoteImage/PINRemoteImage.framework",
				"${BUILT_PRODUCTS_DIR}/Texture/AsyncDisplayKit.framework",
			);
			name = "[CP] Embed Pods Frameworks";
			outputFileListPaths = (
			);
			outputPaths = (
				"${TARGET_BUILD_DIR}/${FRAMEWORKS_FOLDER_PATH}/Fakery.framework",
				"${TARGET_BUILD_DIR}/${FRAMEWORKS_FOLDER_PATH}/PINCache.framework",
				"${TARGET_BUILD_DIR}/${FRAMEWORKS_FOLDER_PATH}/PINOperation.framework",
				"${TARGET_BUILD_DIR}/${FRAMEWORKS_FOLDER_PATH}/PINRemoteImage.framework",
				"${TARGET_BUILD_DIR}/${FRAMEWORKS_FOLDER_PATH}/AsyncDisplayKit.framework",
			);
			runOnlyForDeploymentPostprocessing = 0;
			shellPath = /bin/sh;
			shellScript = "\"${SRCROOT}/Pods/Target Support Files/Pods-TryTexture/Pods-TryTexture-frameworks.sh\"\n";
			showEnvVarsInLog = 0;
		};
		D76E2A4D12FC260418EB44FB /* [CP] Check Pods Manifest.lock */ = {
			isa = PBXShellScriptBuildPhase;
			buildActionMask = 2147483647;
			files = (
			);
			inputFileListPaths = (
			);
			inputPaths = (
				"${PODS_PODFILE_DIR_PATH}/Podfile.lock",
				"${PODS_ROOT}/Manifest.lock",
			);
			name = "[CP] Check Pods Manifest.lock";
			outputFileListPaths = (
			);
			outputPaths = (
				"$(DERIVED_FILE_DIR)/Pods-TryTexture-checkManifestLockResult.txt",
			);
			runOnlyForDeploymentPostprocessing = 0;
			shellPath = /bin/sh;
			shellScript = "diff \"${PODS_PODFILE_DIR_PATH}/Podfile.lock\" \"${PODS_ROOT}/Manifest.lock\" > /dev/null\nif [ $? != 0 ] ; then\n    # print error to STDERR\n    echo \"error: The sandbox is not in sync with the Podfile.lock. Run 'pod install' or update your CocoaPods installation.\" >&2\n    exit 1\nfi\n# This output is used by Xcode 'outputs' to avoid re-running this script phase.\necho \"SUCCESS\" > \"${SCRIPT_OUTPUT_FILE_0}\"\n";
			showEnvVarsInLog = 0;
		};
/* End PBXShellScriptBuildPhase section */

/* Begin PBXSourcesBuildPhase section */
		D0B4F49521CCD312006D871D /* Sources */ = {
			isa = PBXSourcesBuildPhase;
			buildActionMask = 2147483647;
			files = (
				D0CDDC6821CE0D0C007FAEF2 /* FeedRandomGenerator.swift in Sources */,
				D0B4F49F21CCD312006D871D /* FeedTableVC.swift in Sources */,
				D0B4F49D21CCD312006D871D /* AppDelegate.swift in Sources */,
				D085507C21CCFEF6005E4728 /* FeedCellNode.swift in Sources */,
			);
			runOnlyForDeploymentPostprocessing = 0;
		};
/* End PBXSourcesBuildPhase section */

/* Begin PBXVariantGroup section */
		D0B4F4A521CCD313006D871D /* LaunchScreen.storyboard */ = {
			isa = PBXVariantGroup;
			children = (
				D0B4F4A621CCD313006D871D /* Base */,
			);
			name = LaunchScreen.storyboard;
			sourceTree = "<group>";
		};
/* End PBXVariantGroup section */

/* Begin XCBuildConfiguration section */
		D0B4F4A921CCD313006D871D /* Debug */ = {
			isa = XCBuildConfiguration;
			buildSettings = {
				ALWAYS_SEARCH_USER_PATHS = NO;
				CLANG_ANALYZER_NONNULL = YES;
				CLANG_ANALYZER_NUMBER_OBJECT_CONVERSION = YES_AGGRESSIVE;
				CLANG_CXX_LANGUAGE_STANDARD = "gnu++14";
				CLANG_CXX_LIBRARY = "libc++";
				CLANG_ENABLE_MODULES = YES;
				CLANG_ENABLE_OBJC_ARC = YES;
				CLANG_ENABLE_OBJC_WEAK = YES;
				CLANG_WARN_BLOCK_CAPTURE_AUTORELEASING = YES;
				CLANG_WARN_BOOL_CONVERSION = YES;
				CLANG_WARN_COMMA = YES;
				CLANG_WARN_CONSTANT_CONVERSION = YES;
				CLANG_WARN_DEPRECATED_OBJC_IMPLEMENTATIONS = YES;
				CLANG_WARN_DIRECT_OBJC_ISA_USAGE = YES_ERROR;
				CLANG_WARN_DOCUMENTATION_COMMENTS = YES;
				CLANG_WARN_EMPTY_BODY = YES;
				CLANG_WARN_ENUM_CONVERSION = YES;
				CLANG_WARN_INFINITE_RECURSION = YES;
				CLANG_WARN_INT_CONVERSION = YES;
				CLANG_WARN_NON_LITERAL_NULL_CONVERSION = YES;
				CLANG_WARN_OBJC_IMPLICIT_RETAIN_SELF = YES;
				CLANG_WARN_OBJC_LITERAL_CONVERSION = YES;
				CLANG_WARN_OBJC_ROOT_CLASS = YES_ERROR;
				CLANG_WARN_RANGE_LOOP_ANALYSIS = YES;
				CLANG_WARN_STRICT_PROTOTYPES = YES;
				CLANG_WARN_SUSPICIOUS_MOVE = YES;
				CLANG_WARN_UNGUARDED_AVAILABILITY = YES_AGGRESSIVE;
				CLANG_WARN_UNREACHABLE_CODE = YES;
				CLANG_WARN__DUPLICATE_METHOD_MATCH = YES;
				CODE_SIGN_IDENTITY = "iPhone Developer";
				COPY_PHASE_STRIP = NO;
				DEBUG_INFORMATION_FORMAT = dwarf;
				ENABLE_STRICT_OBJC_MSGSEND = YES;
				ENABLE_TESTABILITY = YES;
				GCC_C_LANGUAGE_STANDARD = gnu11;
				GCC_DYNAMIC_NO_PIC = NO;
				GCC_NO_COMMON_BLOCKS = YES;
				GCC_OPTIMIZATION_LEVEL = 0;
				GCC_PREPROCESSOR_DEFINITIONS = (
					"DEBUG=1",
					"$(inherited)",
				);
				GCC_WARN_64_TO_32_BIT_CONVERSION = YES;
				GCC_WARN_ABOUT_RETURN_TYPE = YES_ERROR;
				GCC_WARN_UNDECLARED_SELECTOR = YES;
				GCC_WARN_UNINITIALIZED_AUTOS = YES_AGGRESSIVE;
				GCC_WARN_UNUSED_FUNCTION = YES;
				GCC_WARN_UNUSED_VARIABLE = YES;
				IPHONEOS_DEPLOYMENT_TARGET = 12.1;
				MTL_ENABLE_DEBUG_INFO = INCLUDE_SOURCE;
				MTL_FAST_MATH = YES;
				ONLY_ACTIVE_ARCH = YES;
				SDKROOT = iphoneos;
				SWIFT_ACTIVE_COMPILATION_CONDITIONS = DEBUG;
				SWIFT_OPTIMIZATION_LEVEL = "-Onone";
			};
			name = Debug;
		};
		D0B4F4AA21CCD313006D871D /* Release */ = {
			isa = XCBuildConfiguration;
			buildSettings = {
				ALWAYS_SEARCH_USER_PATHS = NO;
				CLANG_ANALYZER_NONNULL = YES;
				CLANG_ANALYZER_NUMBER_OBJECT_CONVERSION = YES_AGGRESSIVE;
				CLANG_CXX_LANGUAGE_STANDARD = "gnu++14";
				CLANG_CXX_LIBRARY = "libc++";
				CLANG_ENABLE_MODULES = YES;
				CLANG_ENABLE_OBJC_ARC = YES;
				CLANG_ENABLE_OBJC_WEAK = YES;
				CLANG_WARN_BLOCK_CAPTURE_AUTORELEASING = YES;
				CLANG_WARN_BOOL_CONVERSION = YES;
				CLANG_WARN_COMMA = YES;
				CLANG_WARN_CONSTANT_CONVERSION = YES;
				CLANG_WARN_DEPRECATED_OBJC_IMPLEMENTATIONS = YES;
				CLANG_WARN_DIRECT_OBJC_ISA_USAGE = YES_ERROR;
				CLANG_WARN_DOCUMENTATION_COMMENTS = YES;
				CLANG_WARN_EMPTY_BODY = YES;
				CLANG_WARN_ENUM_CONVERSION = YES;
				CLANG_WARN_INFINITE_RECURSION = YES;
				CLANG_WARN_INT_CONVERSION = YES;
				CLANG_WARN_NON_LITERAL_NULL_CONVERSION = YES;
				CLANG_WARN_OBJC_IMPLICIT_RETAIN_SELF = YES;
				CLANG_WARN_OBJC_LITERAL_CONVERSION = YES;
				CLANG_WARN_OBJC_ROOT_CLASS = YES_ERROR;
				CLANG_WARN_RANGE_LOOP_ANALYSIS = YES;
				CLANG_WARN_STRICT_PROTOTYPES = YES;
				CLANG_WARN_SUSPICIOUS_MOVE = YES;
				CLANG_WARN_UNGUARDED_AVAILABILITY = YES_AGGRESSIVE;
				CLANG_WARN_UNREACHABLE_CODE = YES;
				CLANG_WARN__DUPLICATE_METHOD_MATCH = YES;
				CODE_SIGN_IDENTITY = "iPhone Developer";
				COPY_PHASE_STRIP = NO;
				DEBUG_INFORMATION_FORMAT = "dwarf-with-dsym";
				ENABLE_NS_ASSERTIONS = NO;
				ENABLE_STRICT_OBJC_MSGSEND = YES;
				GCC_C_LANGUAGE_STANDARD = gnu11;
				GCC_NO_COMMON_BLOCKS = YES;
				GCC_WARN_64_TO_32_BIT_CONVERSION = YES;
				GCC_WARN_ABOUT_RETURN_TYPE = YES_ERROR;
				GCC_WARN_UNDECLARED_SELECTOR = YES;
				GCC_WARN_UNINITIALIZED_AUTOS = YES_AGGRESSIVE;
				GCC_WARN_UNUSED_FUNCTION = YES;
				GCC_WARN_UNUSED_VARIABLE = YES;
				IPHONEOS_DEPLOYMENT_TARGET = 12.1;
				MTL_ENABLE_DEBUG_INFO = NO;
				MTL_FAST_MATH = YES;
				SDKROOT = iphoneos;
				SWIFT_COMPILATION_MODE = wholemodule;
				SWIFT_OPTIMIZATION_LEVEL = "-O";
				VALIDATE_PRODUCT = YES;
			};
			name = Release;
		};
		D0B4F4AC21CCD313006D871D /* Debug */ = {
			isa = XCBuildConfiguration;
			baseConfigurationReference = 321AE4CC9950F2CB89342783 /* Pods-TryTexture.debug.xcconfig */;
			buildSettings = {
				ASSETCATALOG_COMPILER_APPICON_NAME = AppIcon;
				CODE_SIGN_STYLE = Automatic;
				DEVELOPMENT_TEAM = 6M47TVX487;
				INFOPLIST_FILE = TryTexture/Info.plist;
				IPHONEOS_DEPLOYMENT_TARGET = 11.0;
				LD_RUNPATH_SEARCH_PATHS = (
					"$(inherited)",
					"@executable_path/Frameworks",
				);
				PRODUCT_BUNDLE_IDENTIFIER = com.campus.TryTexture;
				PRODUCT_NAME = "$(TARGET_NAME)";
				SWIFT_VERSION = 4.2;
				TARGETED_DEVICE_FAMILY = "1,2";
			};
			name = Debug;
		};
		D0B4F4AD21CCD313006D871D /* Release */ = {
			isa = XCBuildConfiguration;
			baseConfigurationReference = E69FEC2B93466ECB34F1ACF8 /* Pods-TryTexture.release.xcconfig */;
			buildSettings = {
				ASSETCATALOG_COMPILER_APPICON_NAME = AppIcon;
				CODE_SIGN_STYLE = Automatic;
				DEVELOPMENT_TEAM = 6M47TVX487;
				INFOPLIST_FILE = TryTexture/Info.plist;
				IPHONEOS_DEPLOYMENT_TARGET = 11.0;
				LD_RUNPATH_SEARCH_PATHS = (
					"$(inherited)",
					"@executable_path/Frameworks",
				);
				PRODUCT_BUNDLE_IDENTIFIER = com.campus.TryTexture;
				PRODUCT_NAME = "$(TARGET_NAME)";
				SWIFT_VERSION = 4.2;
				TARGETED_DEVICE_FAMILY = "1,2";
			};
			name = Release;
		};
/* End XCBuildConfiguration section */

/* Begin XCConfigurationList section */
		D0B4F49421CCD312006D871D /* Build configuration list for PBXProject "TryTexture" */ = {
			isa = XCConfigurationList;
			buildConfigurations = (
				D0B4F4A921CCD313006D871D /* Debug */,
				D0B4F4AA21CCD313006D871D /* Release */,
			);
			defaultConfigurationIsVisible = 0;
			defaultConfigurationName = Release;
		};
		D0B4F4AB21CCD313006D871D /* Build configuration list for PBXNativeTarget "TryTexture" */ = {
			isa = XCConfigurationList;
			buildConfigurations = (
				D0B4F4AC21CCD313006D871D /* Debug */,
				D0B4F4AD21CCD313006D871D /* Release */,
			);
			defaultConfigurationIsVisible = 0;
			defaultConfigurationName = Release;
		};
/* End XCConfigurationList section */
	};
	rootObject = D0B4F49121CCD312006D871D /* Project object */;
}
